PODS:
  - dcmtk_flutter (1.0.0):
    - Flutter
  - Flutter (1.0.0)

DEPENDENCIES:
  - dcmtk_flutter (from `.symlinks/plugins/dcmtk_flutter/ios`)
  - Flutter (from `Flutter`)

EXTERNAL SOURCES:
  dcmtk_flutter:
    :path: ".symlinks/plugins/dcmtk_flutter/ios"
  Flutter:
    :path: Flutter

SPEC CHECKSUMS:
  dcmtk_flutter: ac2a40d286bd8927e0272adbb40c014ee6f48249
  Flutter: cabc95a1d2626b1b06e7179b784ebcf0c0cde467

PODFILE CHECKSUM: c13881cf812f8b7a281373c3f00b6dfbe0a7206f

COCOAPODS: 1.16.2
